// !$*UTF8*$!
{
	archiveVersion = 1;
	classes = {
	};
	objectVersion = 46;
	objects = {

/* Begin PBXBuildFile section */
		2552A6011D243CCF002B9386 /* AppDelegate.swift in Sources */ = {isa = PBXBuildFile; fileRef = 2552A6001D243CCF002B9386 /* AppDelegate.swift */; };
		2552A6031D243CCF002B9386 /* ViewController.swift in Sources */ = {isa = PBXBuildFile; fileRef = 2552A6021D243CCF002B9386 /* ViewController.swift */; };
		2552A6061D243CCF002B9386 /* Main.storyboard in Resources */ = {isa = PBXBuildFile; fileRef = 2552A6041D243CCF002B9386 /* Main.storyboard */; };
		2552A6081D243CCF002B9386 /* Assets.xcassets in Resources */ = {isa = PBXBuildFile; fileRef = 2552A6071D243CCF002B9386 /* Assets.xcassets */; };
		2552A60B1D243CCF002B9386 /* LaunchScreen.storyboard in Resources */ = {isa = PBXBuildFile; fileRef = 2552A6091D243CCF002B9386 /* LaunchScreen.storyboard */; };
		2552A6161D243CCF002B9386 /* tipsTests.swift in Sources */ = {isa = PBXBuildFile; fileRef = 2552A6151D243CCF002B9386 /* tipsTests.swift */; };
		2552A6211D243CCF002B9386 /* tipsUITests.swift in Sources */ = {isa = PBXBuildFile; fileRef = 2552A6201D243CCF002B9386 /* tipsUITests.swift */; };
		2552A62F1D24FC5E002B9386 /* SettingViewController.swift in Sources */ = {isa = PBXBuildFile; fileRef = 2552A62E1D24FC5E002B9386 /* SettingViewController.swift */; };
/* End PBXBuildFile section */

/* Begin PBXContainerItemProxy section */
		2552A6121D243CCF002B9386 /* PBXContainerItemProxy */ = {
			isa = PBXContainerItemProxy;
			containerPortal = 2552A5F51D243CCF002B9386 /* Project object */;
			proxyType = 1;
			remoteGlobalIDString = 2552A5FC1D243CCF002B9386;
			remoteInfo = tips;
		};
		2552A61D1D243CCF002B9386 /* PBXContainerItemProxy */ = {
			isa = PBXContainerItemProxy;
			containerPortal = 2552A5F51D243CCF002B9386 /* Project object */;
			proxyType = 1;
			remoteGlobalIDString = 2552A5FC1D243CCF002B9386;
			remoteInfo = tips;
		};
/* End PBXContainerItemProxy section */

/* Begin PBXFileReference section */
		2552A5FD1D243CCF002B9386 /* tips.app */ = {isa = PBXFileReference; explicitFileType = wrapper.application; includeInIndex = 0; path = tips.app; sourceTree = BUILT_PRODUCTS_DIR; };
		2552A6001D243CCF002B9386 /* AppDelegate.swift */ = {isa = PBXFileReference; lastKnownFileType = sourcecode.swift; path = AppDelegate.swift; sourceTree = "<group>"; };
		2552A6021D243CCF002B9386 /* ViewController.swift */ = {isa = PBXFileReference; lastKnownFileType = sourcecode.swift; path = ViewController.swift; sourceTree = "<group>"; };
		2552A6051D243CCF002B9386 /* Base */ = {isa = PBXFileReference; lastKnownFileType = file.storyboard; name = Base; path = Base.lproj/Main.storyboard; sourceTree = "<group>"; };
		2552A6071D243CCF002B9386 /* Assets.xcassets */ = {isa = PBXFileReference; lastKnownFileType = folder.assetcatalog; path = Assets.xcassets; sourceTree = "<group>"; };
		2552A60A1D243CCF002B9386 /* Base */ = {isa = PBXFileReference; lastKnownFileType = file.storyboard; name = Base; path = Base.lproj/LaunchScreen.storyboard; sourceTree = "<group>"; };
		2552A60C1D243CCF002B9386 /* Info.plist */ = {isa = PBXFileReference; lastKnownFileType = text.plist.xml; path = Info.plist; sourceTree = "<group>"; };
		2552A6111D243CCF002B9386 /* tipsTests.xctest */ = {isa = PBXFileReference; explicitFileType = wrapper.cfbundle; includeInIndex = 0; path = tipsTests.xctest; sourceTree = BUILT_PRODUCTS_DIR; };
		2552A6151D243CCF002B9386 /* tipsTests.swift */ = {isa = PBXFileReference; lastKnownFileType = sourcecode.swift; path = tipsTests.swift; sourceTree = "<group>"; };
		2552A6171D243CCF002B9386 /* Info.plist */ = {isa = PBXFileReference; lastKnownFileType = text.plist.xml; path = Info.plist; sourceTree = "<group>"; };
		2552A61C1D243CCF002B9386 /* tipsUITests.xctest */ = {isa = PBXFileReference; explicitFileType = wrapper.cfbundle; includeInIndex = 0; path = tipsUITests.xctest; sourceTree = BUILT_PRODUCTS_DIR; };
		2552A6201D243CCF002B9386 /* tipsUITests.swift */ = {isa = PBXFileReference; lastKnownFileType = sourcecode.swift; path = tipsUITests.swift; sourceTree = "<group>"; };
		2552A6221D243CCF002B9386 /* Info.plist */ = {isa = PBXFileReference; lastKnownFileType = text.plist.xml; path = Info.plist; sourceTree = "<group>"; };
		2552A62E1D24FC5E002B9386 /* SettingViewController.swift */ = {isa = PBXFileReference; fileEncoding = 4; lastKnownFileType = sourcecode.swift; path = SettingViewController.swift; sourceTree = "<group>"; };
/* End PBXFileReference section */

/* Begin PBXFrameworksBuildPhase section */
		2552A5FA1D243CCF002B9386 /* Frameworks */ = {
			isa = PBXFrameworksBuildPhase;
			buildActionMask = 2147483647;
			files = (
			);
			runOnlyForDeploymentPostprocessing = 0;
		};
		2552A60E1D243CCF002B9386 /* Frameworks */ = {
			isa = PBXFrameworksBuildPhase;
			buildActionMask = 2147483647;
			files = (
			);
			runOnlyForDeploymentPostprocessing = 0;
		};
		2552A6191D243CCF002B9386 /* Frameworks */ = {
			isa = PBXFrameworksBuildPhase;
			buildActionMask = 2147483647;
			files = (
			);
			runOnlyForDeploymentPostprocessing = 0;
		};
/* End PBXFrameworksBuildPhase section */

/* Begin PBXGroup section */
		2552A5F41D243CCF002B9386 = {
			isa = PBXGroup;
			children = (
				2552A62E1D24FC5E002B9386 /* SettingViewController.swift */,
				2552A5FF1D243CCF002B9386 /* tips */,
				2552A6141D243CCF002B9386 /* tipsTests */,
				2552A61F1D243CCF002B9386 /* tipsUITests */,
				2552A5FE1D243CCF002B9386 /* Products */,
			);
			sourceTree = "<group>";
			usesTabs = 0;
		};
		2552A5FE1D243CCF002B9386 /* Products */ = {
			isa = PBXGroup;
			children = (
				2552A5FD1D243CCF002B9386 /* tips.app */,
				2552A6111D243CCF002B9386 /* tipsTests.xctest */,
				2552A61C1D243CCF002B9386 /* tipsUITests.xctest */,
			);
			name = Products;
			sourceTree = "<group>";
		};
		2552A5FF1D243CCF002B9386 /* tips */ = {
			isa = PBXGroup;
			children = (
				2552A6001D243CCF002B9386 /* AppDelegate.swift */,
				2552A6021D243CCF002B9386 /* ViewController.swift */,
				2552A6041D243CCF002B9386 /* Main.storyboard */,
				2552A6071D243CCF002B9386 /* Assets.xcassets */,
				2552A6091D243CCF002B9386 /* LaunchScreen.storyboard */,
				2552A60C1D243CCF002B9386 /* Info.plist */,
			);
			path = tips;
			sourceTree = "<group>";
		};
		2552A6141D243CCF002B9386 /* tipsTests */ = {
			isa = PBXGroup;
			children = (
				2552A6151D243CCF002B9386 /* tipsTests.swift */,
				2552A6171D243CCF002B9386 /* Info.plist */,
			);
			path = tipsTests;
			sourceTree = "<group>";
		};
		2552A61F1D243CCF002B9386 /* tipsUITests */ = {
			isa = PBXGroup;
			children = (
				2552A6201D243CCF002B9386 /* tipsUITests.swift */,
				2552A6221D243CCF002B9386 /* Info.plist */,
			);
			path = tipsUITests;
			sourceTree = "<group>";
		};
/* End PBXGroup section */

/* Begin PBXNativeTarget section */
		2552A5FC1D243CCF002B9386 /* tips */ = {
			isa = PBXNativeTarget;
			buildConfigurationList = 2552A6251D243CCF002B9386 /* Build configuration list for PBXNativeTarget "tips" */;
			buildPhases = (
				2552A5F91D243CCF002B9386 /* Sources */,
				2552A5FA1D243CCF002B9386 /* Frameworks */,
				2552A5FB1D243CCF002B9386 /* Resources */,
			);
			buildRules = (
			);
			dependencies = (
			);
			name = tips;
			productName = tips;
			productReference = 2552A5FD1D243CCF002B9386 /* tips.app */;
			productType = "com.apple.product-type.application";
		};
		2552A6101D243CCF002B9386 /* tipsTests */ = {
			isa = PBXNativeTarget;
			buildConfigurationList = 2552A6281D243CCF002B9386 /* Build configuration list for PBXNativeTarget "tipsTests" */;
			buildPhases = (
				2552A60D1D243CCF002B9386 /* Sources */,
				2552A60E1D243CCF002B9386 /* Frameworks */,
				2552A60F1D243CCF002B9386 /* Resources */,
			);
			buildRules = (
			);
			dependencies = (
				2552A6131D243CCF002B9386 /* PBXTargetDependency */,
			);
			name = tipsTests;
			productName = tipsTests;
			productReference = 2552A6111D243CCF002B9386 /* tipsTests.xctest */;
			productType = "com.apple.product-type.bundle.unit-test";
		};
		2552A61B1D243CCF002B9386 /* tipsUITests */ = {
			isa = PBXNativeTarget;
			buildConfigurationList = 2552A62B1D243CCF002B9386 /* Build configuration list for PBXNativeTarget "tipsUITests" */;
			buildPhases = (
				2552A6181D243CCF002B9386 /* Sources */,
				2552A6191D243CCF002B9386 /* Frameworks */,
				2552A61A1D243CCF002B9386 /* Resources */,
			);
			buildRules = (
			);
			dependencies = (
				2552A61E1D243CCF002B9386 /* PBXTargetDependency */,
			);
			name = tipsUITests;
			productName = tipsUITests;
			productReference = 2552A61C1D243CCF002B9386 /* tipsUITests.xctest */;
			productType = "com.apple.product-type.bundle.ui-testing";
		};
/* End PBXNativeTarget section */

/* Begin PBXProject section */
		2552A5F51D243CCF002B9386 /* Project object */ = {
			isa = PBXProject;
			attributes = {
				LastSwiftUpdateCheck = 0730;
				LastUpgradeCheck = 0730;
				ORGANIZATIONNAME = "Dinesh Gunda";
				TargetAttributes = {
					2552A5FC1D243CCF002B9386 = {
						CreatedOnToolsVersion = 7.3.1;
					};
					2552A6101D243CCF002B9386 = {
						CreatedOnToolsVersion = 7.3.1;
						TestTargetID = 2552A5FC1D243CCF002B9386;
					};
					2552A61B1D243CCF002B9386 = {
						CreatedOnToolsVersion = 7.3.1;
						TestTargetID = 2552A5FC1D243CCF002B9386;
					};
				};
			};
			buildConfigurationList = 2552A5F81D243CCF002B9386 /* Build configuration list for PBXProject "tips" */;
			compatibilityVersion = "Xcode 3.2";
			developmentRegion = English;
			hasScannedForEncodings = 0;
			knownRegions = (
				en,
				Base,
			);
			mainGroup = 2552A5F41D243CCF002B9386;
			productRefGroup = 2552A5FE1D243CCF002B9386 /* Products */;
			projectDirPath = "";
			projectRoot = "";
			targets = (
				2552A5FC1D243CCF002B9386 /* tips */,
				2552A6101D243CCF002B9386 /* tipsTests */,
				2552A61B1D243CCF002B9386 /* tipsUITests */,
			);
		};
/* End PBXProject section */

/* Begin PBXResourcesBuildPhase section */
		2552A5FB1D243CCF002B9386 /* Resources */ = {
			isa = PBXResourcesBuildPhase;
			buildActionMask = 2147483647;
			files = (
				2552A60B1D243CCF002B9386 /* LaunchScreen.storyboard in Resources */,
				2552A6081D243CCF002B9386 /* Assets.xcassets in Resources */,
				2552A6061D243CCF002B9386 /* Main.storyboard in Resources */,
			);
			runOnlyForDeploymentPostprocessing = 0;
		};
		2552A60F1D243CCF002B9386 /* Resources */ = {
			isa = PBXResourcesBuildPhase;
			buildActionMask = 2147483647;
			files = (
			);
			runOnlyForDeploymentPostprocessing = 0;
		};
		2552A61A1D243CCF002B9386 /* Resources */ = {
			isa = PBXResourcesBuildPhase;
			buildActionMask = 2147483647;
			files = (
			);
			runOnlyForDeploymentPostprocessing = 0;
		};
/* End PBXResourcesBuildPhase section */

/* Begin PBXSourcesBuildPhase section */
		2552A5F91D243CCF002B9386 /* Sources */ = {
			isa = PBXSourcesBuildPhase;
			buildActionMask = 2147483647;
			files = (
				2552A6031D243CCF002B9386 /* ViewController.swift in Sources */,
				2552A6011D243CCF002B9386 /* AppDelegate.swift in Sources */,
				2552A62F1D24FC5E002B9386 /* SettingViewController.swift in Sources */,
			);
			runOnlyForDeploymentPostprocessing = 0;
		};
		2552A60D1D243CCF002B9386 /* Sources */ = {
			isa = PBXSourcesBuildPhase;
			buildActionMask = 2147483647;
			files = (
				2552A6161D243CCF002B9386 /* tipsTests.swift in Sources */,
			);
			runOnlyForDeploymentPostprocessing = 0;
		};
		2552A6181D243CCF002B9386 /* Sources */ = {
			isa = PBXSourcesBuildPhase;
			buildActionMask = 2147483647;
			files = (
				2552A6211D243CCF002B9386 /* tipsUITests.swift in Sources */,
			);
			runOnlyForDeploymentPostprocessing = 0;
		};
/* End PBXSourcesBuildPhase section */

/* Begin PBXTargetDependency section */
		2552A6131D243CCF002B9386 /* PBXTargetDependency */ = {
			isa = PBXTargetDependency;
			target = 2552A5FC1D243CCF002B9386 /* tips */;
			targetProxy = 2552A6121D243CCF002B9386 /* PBXContainerItemProxy */;
		};
		2552A61E1D243CCF002B9386 /* PBXTargetDependency */ = {
			isa = PBXTargetDependency;
			target = 2552A5FC1D243CCF002B9386 /* tips */;
			targetProxy = 2552A61D1D243CCF002B9386 /* PBXContainerItemProxy */;
		};
/* End PBXTargetDependency section */

/* Begin PBXVariantGroup section */
		2552A6041D243CCF002B9386 /* Main.storyboard */ = {
			isa = PBXVariantGroup;
			children = (
				2552A6051D243CCF002B9386 /* Base */,
			);
			name = Main.storyboard;
			sourceTree = "<group>";
		};
		2552A6091D243CCF002B9386 /* LaunchScreen.storyboard */ = {
			isa = PBXVariantGroup;
			children = (
				2552A60A1D243CCF002B9386 /* Base */,
			);
			name = LaunchScreen.storyboard;
			sourceTree = "<group>";
		};
/* End PBXVariantGroup section */

/* Begin XCBuildConfiguration section */
		2552A6231D243CCF002B9386 /* Debug */ = {
			isa = XCBuildConfiguration;
			buildSettings = {
				ALWAYS_SEARCH_USER_PATHS = NO;
				CLANG_ANALYZER_NONNULL = YES;
				CLANG_CXX_LANGUAGE_STANDARD = "gnu++0x";
				CLANG_CXX_LIBRARY = "libc++";
				CLANG_ENABLE_MODULES = YES;
				CLANG_ENABLE_OBJC_ARC = YES;
				CLANG_WARN_BOOL_CONVERSION = YES;
				CLANG_WARN_CONSTANT_CONVERSION = YES;
				CLANG_WARN_DIRECT_OBJC_ISA_USAGE = YES_ERROR;
				CLANG_WARN_EMPTY_BODY = YES;
				CLANG_WARN_ENUM_CONVERSION = YES;
				CLANG_WARN_INT_CONVERSION = YES;
				CLANG_WARN_OBJC_ROOT_CLASS = YES_ERROR;
				CLANG_WARN_UNREACHABLE_CODE = YES;
				CLANG_WARN__DUPLICATE_METHOD_MATCH = YES;
				"CODE_SIGN_IDENTITY[sdk=iphoneos*]" = "iPhone Developer";
				COPY_PHASE_STRIP = NO;
				DEBUG_INFORMATION_FORMAT = dwarf;
				ENABLE_STRICT_OBJC_MSGSEND = YES;
				ENABLE_TESTABILITY = YES;
				GCC_C_LANGUAGE_STANDARD = gnu99;
				GCC_DYNAMIC_NO_PIC = NO;
				GCC_NO_COMMON_BLOCKS = YES;
				GCC_OPTIMIZATION_LEVEL = 0;
				GCC_PREPROCESSOR_DEFINITIONS = (
					"DEBUG=1",
					"$(inherited)",
				);
				GCC_WARN_64_TO_32_BIT_CONVERSION = YES;
				GCC_WARN_ABOUT_RETURN_TYPE = YES_ERROR;
				GCC_WARN_UNDECLARED_SELECTOR = YES;
				GCC_WARN_UNINITIALIZED_AUTOS = YES_AGGRESSIVE;
				GCC_WARN_UNUSED_FUNCTION = YES;
				GCC_WARN_UNUSED_VARIABLE = YES;
				IPHONEOS_DEPLOYMENT_TARGET = 9.3;
				MTL_ENABLE_DEBUG_INFO = YES;
				ONLY_ACTIVE_ARCH = YES;
				SDKROOT = iphoneos;
				SWIFT_OPTIMIZATION_LEVEL = "-Onone";
			};
			name = Debug;
		};
		2552A6241D243CCF002B9386 /* Release */ = {
			isa = XCBuildConfiguration;
			buildSettings = {
				ALWAYS_SEARCH_USER_PATHS = NO;
				CLANG_ANALYZER_NONNULL = YES;
				CLANG_CXX_LANGUAGE_STANDARD = "gnu++0x";
				CLANG_CXX_LIBRARY = "libc++";
				CLANG_ENABLE_MODULES = YES;
				CLANG_ENABLE_OBJC_ARC = YES;
				CLANG_WARN_BOOL_CONVERSION = YES;
				CLANG_WARN_CONSTANT_CONVERSION = YES;
				CLANG_WARN_DIRECT_OBJC_ISA_USAGE = YES_ERROR;
				CLANG_WARN_EMPTY_BODY = YES;
				CLANG_WARN_ENUM_CONVERSION = YES;
				CLANG_WARN_INT_CONVERSION = YES;
				CLANG_WARN_OBJC_ROOT_CLASS = YES_ERROR;
				CLANG_WARN_UNREACHABLE_CODE = YES;
				CLANG_WARN__DUPLICATE_METHOD_MATCH = YES;
				"CODE_SIGN_IDENTITY[sdk=iphoneos*]" = "iPhone Developer";
				COPY_PHASE_STRIP = NO;
				DEBUG_INFORMATION_FORMAT = "dwarf-with-dsym";
				ENABLE_NS_ASSERTIONS = NO;
				ENABLE_STRICT_OBJC_MSGSEND = YES;
				GCC_C_LANGUAGE_STANDARD = gnu99;
				GCC_NO_COMMON_BLOCKS = YES;
				GCC_WARN_64_TO_32_BIT_CONVERSION = YES;
				GCC_WARN_ABOUT_RETURN_TYPE = YES_ERROR;
				GCC_WARN_UNDECLARED_SELECTOR = YES;
				GCC_WARN_UNINITIALIZED_AUTOS = YES_AGGRESSIVE;
				GCC_WARN_UNUSED_FUNCTION = YES;
				GCC_WARN_UNUSED_VARIABLE = YES;
				IPHONEOS_DEPLOYMENT_TARGET = 9.3;
				MTL_ENABLE_DEBUG_INFO = NO;
				SDKROOT = iphoneos;
				VALIDATE_PRODUCT = YES;
			};
			name = Release;
		};
		2552A6261D243CCF002B9386 /* Debug */ = {
			isa = XCBuildConfiguration;
			buildSettings = {
				ASSETCATALOG_COMPILER_APPICON_NAME = AppIcon;
				INFOPLIST_FILE = tips/Info.plist;
				LD_RUNPATH_SEARCH_PATHS = "$(inherited) @executable_path/Frameworks";
				PRODUCT_BUNDLE_IDENTIFIER = com.walmart.tips;
				PRODUCT_NAME = "$(TARGET_NAME)";
			};
			name = Debug;
		};
		2552A6271D243CCF002B9386 /* Release */ = {
			isa = XCBuildConfiguration;
			buildSettings = {
				ASSETCATALOG_COMPILER_APPICON_NAME = AppIcon;
				INFOPLIST_FILE = tips/Info.plist;
				LD_RUNPATH_SEARCH_PATHS = "$(inherited) @executable_path/Frameworks";
				PRODUCT_BUNDLE_IDENTIFIER = com.walmart.tips;
				PRODUCT_NAME = "$(TARGET_NAME)";
			};
			name = Release;
		};
		2552A6291D243CCF002B9386 /* Debug */ = {
			isa = XCBuildConfiguration;
			buildSettings = {
				BUNDLE_LOADER = "$(TEST_HOST)";
				INFOPLIST_FILE = tipsTests/Info.plist;
				LD_RUNPATH_SEARCH_PATHS = "$(inherited) @executable_path/Frameworks @loader_path/Frameworks";
				PRODUCT_BUNDLE_IDENTIFIER = com.walmart.tipsTests;
				PRODUCT_NAME = "$(TARGET_NAME)";
				TEST_HOST = "$(BUILT_PRODUCTS_DIR)/tips.app/tips";
			};
			name = Debug;
		};
		2552A62A1D243CCF002B9386 /* Release */ = {
			isa = XCBuildConfiguration;
			buildSettings = {
				BUNDLE_LOADER = "$(TEST_HOST)";
				INFOPLIST_FILE = tipsTests/Info.plist;
				LD_RUNPATH_SEARCH_PATHS = "$(inherited) @executable_path/Frameworks @loader_path/Frameworks";
				PRODUCT_BUNDLE_IDENTIFIER = com.walmart.tipsTests;
				PRODUCT_NAME = "$(TARGET_NAME)";
				TEST_HOST = "$(BUILT_PRODUCTS_DIR)/tips.app/tips";
			};
			name = Release;
		};
		2552A62C1D243CCF002B9386 /* Debug */ = {
			isa = XCBuildConfiguration;
			buildSettings = {
				INFOPLIST_FILE = tipsUITests/Info.plist;
				LD_RUNPATH_SEARCH_PATHS = "$(inherited) @executable_path/Frameworks @loader_path/Frameworks";
				PRODUCT_BUNDLE_IDENTIFIER = com.walmart.tipsUITests;
				PRODUCT_NAME = "$(TARGET_NAME)";
				TEST_TARGET_NAME = tips;
			};
			name = Debug;
		};
		2552A62D1D243CCF002B9386 /* Release */ = {
			isa = XCBuildConfiguration;
			buildSettings = {
				INFOPLIST_FILE = tipsUITests/Info.plist;
				LD_RUNPATH_SEARCH_PATHS = "$(inherited) @executable_path/Frameworks @loader_path/Frameworks";
				PRODUCT_BUNDLE_IDENTIFIER = com.walmart.tipsUITests;
				PRODUCT_NAME = "$(TARGET_NAME)";
				TEST_TARGET_NAME = tips;
			};
			name = Release;
		};
/* End XCBuildConfiguration section */

/* Begin XCConfigurationList section */
		2552A5F81D243CCF002B9386 /* Build configuration list for PBXProject "tips" */ = {
			isa = XCConfigurationList;
			buildConfigurations = (
				2552A6231D243CCF002B9386 /* Debug */,
				2552A6241D243CCF002B9386 /* Release */,
			);
			defaultConfigurationIsVisible = 0;
			defaultConfigurationName = Release;
		};
		2552A6251D243CCF002B9386 /* Build configuration list for PBXNativeTarget "tips" */ = {
			isa = XCConfigurationList;
			buildConfigurations = (
				2552A6261D243CCF002B9386 /* Debug */,
				2552A6271D243CCF002B9386 /* Release */,
			);
			defaultConfigurationIsVisible = 0;
			defaultConfigurationName = Release;
		};
		2552A6281D243CCF002B9386 /* Build configuration list for PBXNativeTarget "tipsTests" */ = {
			isa = XCConfigurationList;
			buildConfigurations = (
				2552A6291D243CCF002B9386 /* Debug */,
				2552A62A1D243CCF002B9386 /* Release */,
			);
			defaultConfigurationIsVisible = 0;
			defaultConfigurationName = Release;
		};
		2552A62B1D243CCF002B9386 /* Build configuration list for PBXNativeTarget "tipsUITests" */ = {
			isa = XCConfigurationList;
			buildConfigurations = (
				2552A62C1D243CCF002B9386 /* Debug */,
				2552A62D1D243CCF002B9386 /* Release */,
			);
			defaultConfigurationIsVisible = 0;
			defaultConfigurationName = Release;
		};
/* End XCConfigurationList section */
	};
	rootObject = 2552A5F51D243CCF002B9386 /* Project object */;
}
